<?xml version="1.0" encoding="utf-8"?>
<Project ToolsVersion="4.0" xmlns="http://schemas.microsoft.com/developer/msbuild/2003">
  <ItemGroup>
    <Filter Include="Quelldateien">
      <UniqueIdentifier>{4FC737F1-C7A5-4376-A066-2A32D752A2FF}</UniqueIdentifier>
      <Extensions>cpp;c;cc;cxx;def;odl;idl;hpj;bat;asm;asmx</Extensions>
    </Filter>
    <Filter Include="Headerdateien">
      <UniqueIdentifier>{93995380-89BD-4b04-88EB-625FBE52EBFB}</UniqueIdentifier>
      <Extensions>h;hpp;hxx;hm;inl;inc;xsd</Extensions>
    </Filter>
    <Filter Include="Ressourcendateien">
      <UniqueIdentifier>{67DA6AB6-F800-4c08-8B7A-83BB121AAD01}</UniqueIdentifier>
      <Extensions>rc;ico;cur;bmp;dlg;rc2;rct;bin;rgs;gif;jpg;jpeg;jpe;resx;tiff;tif;png;wav;mfcribbon-ms</Extensions>
    </Filter>
  </ItemGroup>
  <ItemGroup>
    <ClCompile Include="Listing 3.10.cpp">
      <Filter>Quelldateien</Filter>
    </ClCompile>
    <ClCompile Include="Listing 3.01.cpp">
      <Filter>Quelldateien</Filter>
    </ClCompile>
    <ClCompile Include="Listing 3.02.cpp">
      <Filter>Quelldateien</Filter>
    </ClCompile>
    <ClCompile Include="Listing 3.03.cpp">
      <Filter>Quelldateien</Filter>
    </ClCompile>
    <ClCompile Include="Listing 3.04.cpp">
      <Filter>Quelldateien</Filter>
    </ClCompile>
    <ClCompile Include="Listing 3.05.cpp">
      <Filter>Quelldateien</Filter>
    </ClCompile>
    <ClCompile Include="Listing 3.06.cpp">
      <Filter>Quelldateien</Filter>
    </ClCompile>
    <ClCompile Include="Listing 3.07.cpp">
      <Filter>Quelldateien</Filter>
    </ClCompile>
    <ClCompile Include="Listing 3.09.cpp">
      <Filter>Quelldateien</Filter>
    </ClCompile>
    <ClCompile Include="Listing 3.08.cpp">
      <Filter>Quelldateien</Filter>
    </ClCompile>
    <ClCompile Include="Listing 1.01.cpp">
      <Filter>Quelldateien</Filter>
    </ClCompile>
    <ClCompile Include="Listing 2.01.cpp">
      <Filter>Quelldateien</Filter>
    </ClCompile>
    <ClCompile Include="Listing 2.02.cpp">
      <Filter>Quelldateien</Filter>
    </ClCompile>
    <ClCompile Include="Listing 2.03.cpp">
      <Filter>Quelldateien</Filter>
    </ClCompile>
    <ClCompile Include="Listing 2.04.cpp">
      <Filter>Quelldateien</Filter>
    </ClCompile>
    <ClCompile Include="Listing 2.05.cpp">
      <Filter>Quelldateien</Filter>
    </ClCompile>
    <ClCompile Include="Listing 2.06.cpp">
      <Filter>Quelldateien</Filter>
    </ClCompile>
    <ClCompile Include="Listing 2.07.cpp">
      <Filter>Quelldateien</Filter>
    </ClCompile>
    <ClCompile Include="Listing 2.08.cpp">
      <Filter>Quelldateien</Filter>
    </ClCompile>
    <ClCompile Include="Listing 2.09.cpp">
      <Filter>Quelldateien</Filter>
    </ClCompile>
    <ClCompile Include="Listing 3.11.cpp">
      <Filter>Quelldateien</Filter>
    </ClCompile>
    <ClCompile Include="Listing 3.12.cpp">
      <Filter>Quelldateien</Filter>
    </ClCompile>
    <ClCompile Include="Menu mit Musteroutput.cpp">
      <Filter>Quelldateien</Filter>
    </ClCompile>
    <ClCompile Include="Listing 4.01.cpp">
      <Filter>Quelldateien</Filter>
    </ClCompile>
    <ClCompile Include="Listing 4.02.cpp">
      <Filter>Quelldateien</Filter>
    </ClCompile>
    <ClCompile Include="Listing 4.03.cpp">
      <Filter>Quelldateien</Filter>
    </ClCompile>
    <ClCompile Include="Listing 4.04.cpp">
      <Filter>Quelldateien</Filter>
    </ClCompile>
    <ClCompile Include="Listing 4.05.cpp">
      <Filter>Quelldateien</Filter>
    </ClCompile>
    <ClCompile Include="Listing 4.06.cpp">
      <Filter>Quelldateien</Filter>
    </ClCompile>
    <ClCompile Include="Listing 4.07.cpp">
      <Filter>Quelldateien</Filter>
    </ClCompile>
    <ClCompile Include="Listing 4.08.cpp">
      <Filter>Quelldateien</Filter>
    </ClCompile>
    <ClCompile Include="Listing 4.09.cpp">
      <Filter>Quelldateien</Filter>
    </ClCompile>
    <ClCompile Include="Charakter.cpp">
      <Filter>Quelldateien</Filter>
    </ClCompile>
    <ClCompile Include="Listing 4.10.cpp">
      <Filter>Quelldateien</Filter>
    </ClCompile>
    <ClCompile Include="Listing 4.11.cpp">
      <Filter>Quelldateien</Filter>
    </ClCompile>
    <ClCompile Include="Listing 5.01.cpp">
      <Filter>Quelldateien</Filter>
    </ClCompile>
    <ClCompile Include="Listing 5.02.cpp">
      <Filter>Quelldateien</Filter>
    </ClCompile>
    <ClCompile Include="Listing 5.03.cpp">
      <Filter>Quelldateien</Filter>
    </ClCompile>
    <ClCompile Include="Listing 5.04.cpp">
      <Filter>Quelldateien</Filter>
    </ClCompile>
    <ClCompile Include="Listing 5.05.cpp">
      <Filter>Quelldateien</Filter>
    </ClCompile>
    <ClCompile Include="Listing 5.06.cpp">
      <Filter>Quelldateien</Filter>
    </ClCompile>
    <ClCompile Include="Listing 5.07.cpp">
      <Filter>Quelldateien</Filter>
    </ClCompile>
    <ClCompile Include="Listing 5.08.cpp">
      <Filter>Quelldateien</Filter>
    </ClCompile>
    <ClCompile Include="Listing 6.01.cpp">
      <Filter>Quelldateien</Filter>
    </ClCompile>
    <ClCompile Include="Listing 6.02.cpp">
      <Filter>Quelldateien</Filter>
    </ClCompile>
  </ItemGroup>
  <ItemGroup>
    <ClInclude Include="Charakter.hpp">
      <Filter>Headerdateien</Filter>
    </ClInclude>
  </ItemGroup>
</Project>